
Microsoft Visual Studio Solution File, Format Version 12.00
# Visual Studio Version 16
VisualStudioVersion = 16.0.30907.101
MinimumVisualStudioVersion = 10.0.40219.1
Project("{9A19103F-16F7-4668-BE54-9A1E7A4F7556}") = "FinTrader.Pro.Web", "FinTrader.Pro.Web\FinTrader.Pro.Web.csproj", "{705F6719-F1AF-44EB-9C9E-B2E9AAF20DCB}"
EndProject
Project("{9A19103F-16F7-4668-BE54-9A1E7A4F7556}") = "FinTrader.Pro.DB", "FinTrader.Pro.DB\FinTrader.Pro.DB.csproj", "{07EA9D18-E2A0-426C-9B98-D92467FB340A}"
EndProject
Project("{9A19103F-16F7-4668-BE54-9A1E7A4F7556}") = "FinTrader.Pro.Iss", "FinTrader.Pro.Iss\FinTrader.Pro.Iss.csproj", "{24A94726-D0EF-4166-8060-63395C3E9ED6}"
EndProject
Project("{9A19103F-16F7-4668-BE54-9A1E7A4F7556}") = "FinTrader.Pro.Bonds", "FinTrader.Pro.Bonds\FinTrader.Pro.Bonds.csproj", "{124F0E81-695E-4643-8A1E-469948361E98}"
EndProject
Project("{E24C65DC-7377-472B-9ABA-BC803B73C61A}") = "ClientApp", "ClientApp\", "{B92D21EA-CA71-4399-87E3-28DFB39A314A}"
	ProjectSection(WebsiteProperties) = preProject
		TargetFrameworkMoniker = ".NETFramework,Version%3Dv4.0"
		Debug.AspNetCompiler.VirtualPath = "/localhost_65062"
		Debug.AspNetCompiler.PhysicalPath = "ClientApp\"
		Debug.AspNetCompiler.TargetPath = "PrecompiledWeb\localhost_65062\"
		Debug.AspNetCompiler.Updateable = "true"
		Debug.AspNetCompiler.ForceOverwrite = "true"
		Debug.AspNetCompiler.FixedNames = "false"
		Debug.AspNetCompiler.Debug = "True"
		Release.AspNetCompiler.VirtualPath = "/localhost_65062"
		Release.AspNetCompiler.PhysicalPath = "ClientApp\"
		Release.AspNetCompiler.TargetPath = "PrecompiledWeb\localhost_65062\"
		Release.AspNetCompiler.Updateable = "true"
		Release.AspNetCompiler.ForceOverwrite = "true"
		Release.AspNetCompiler.FixedNames = "false"
		Release.AspNetCompiler.Debug = "False"
		VWDPort = "65062"
		SlnRelativePath = "ClientApp\"
	EndProjectSection
EndProject
Project("{FAE04EC0-301F-11D3-BF4B-00C04F79EFBC}") = "FinTrader.Pro.Contracts", "FinTrader.Pro.Contracts\FinTrader.Pro.Contracts.csproj", "{8D1B074E-D3D3-4524-8EA7-F6590AA693CA}"
EndProject
Global
	GlobalSection(SolutionConfigurationPlatforms) = preSolution
		Debug|Any CPU = Debug|Any CPU
		Release|Any CPU = Release|Any CPU
	EndGlobalSection
	GlobalSection(ProjectConfigurationPlatforms) = postSolution
		{705F6719-F1AF-44EB-9C9E-B2E9AAF20DCB}.Debug|Any CPU.ActiveCfg = Debug|Any CPU
		{705F6719-F1AF-44EB-9C9E-B2E9AAF20DCB}.Debug|Any CPU.Build.0 = Debug|Any CPU
		{705F6719-F1AF-44EB-9C9E-B2E9AAF20DCB}.Release|Any CPU.ActiveCfg = Release|Any CPU
		{705F6719-F1AF-44EB-9C9E-B2E9AAF20DCB}.Release|Any CPU.Build.0 = Release|Any CPU
		{07EA9D18-E2A0-426C-9B98-D92467FB340A}.Debug|Any CPU.ActiveCfg = Debug|Any CPU
		{07EA9D18-E2A0-426C-9B98-D92467FB340A}.Debug|Any CPU.Build.0 = Debug|Any CPU
		{07EA9D18-E2A0-426C-9B98-D92467FB340A}.Release|Any CPU.ActiveCfg = Release|Any CPU
		{07EA9D18-E2A0-426C-9B98-D92467FB340A}.Release|Any CPU.Build.0 = Release|Any CPU
		{24A94726-D0EF-4166-8060-63395C3E9ED6}.Debug|Any CPU.ActiveCfg = Debug|Any CPU
		{24A94726-D0EF-4166-8060-63395C3E9ED6}.Debug|Any CPU.Build.0 = Debug|Any CPU
		{24A94726-D0EF-4166-8060-63395C3E9ED6}.Release|Any CPU.ActiveCfg = Release|Any CPU
		{24A94726-D0EF-4166-8060-63395C3E9ED6}.Release|Any CPU.Build.0 = Release|Any CPU
		{124F0E81-695E-4643-8A1E-469948361E98}.Debug|Any CPU.ActiveCfg = Debug|Any CPU
		{124F0E81-695E-4643-8A1E-469948361E98}.Debug|Any CPU.Build.0 = Debug|Any CPU
		{124F0E81-695E-4643-8A1E-469948361E98}.Release|Any CPU.ActiveCfg = Release|Any CPU
		{124F0E81-695E-4643-8A1E-469948361E98}.Release|Any CPU.Build.0 = Release|Any CPU
		{B92D21EA-CA71-4399-87E3-28DFB39A314A}.Debug|Any CPU.ActiveCfg = Debug|Any CPU
		{B92D21EA-CA71-4399-87E3-28DFB39A314A}.Debug|Any CPU.Build.0 = Debug|Any CPU
		{B92D21EA-CA71-4399-87E3-28DFB39A314A}.Release|Any CPU.ActiveCfg = Debug|Any CPU
		{B92D21EA-CA71-4399-87E3-28DFB39A314A}.Release|Any CPU.Build.0 = Debug|Any CPU
		{8D1B074E-D3D3-4524-8EA7-F6590AA693CA}.Debug|Any CPU.ActiveCfg = Debug|Any CPU
		{8D1B074E-D3D3-4524-8EA7-F6590AA693CA}.Debug|Any CPU.Build.0 = Debug|Any CPU
		{8D1B074E-D3D3-4524-8EA7-F6590AA693CA}.Release|Any CPU.ActiveCfg = Release|Any CPU
		{8D1B074E-D3D3-4524-8EA7-F6590AA693CA}.Release|Any CPU.Build.0 = Release|Any CPU
	EndGlobalSection
	GlobalSection(SolutionProperties) = preSolution
		HideSolutionNode = FALSE
	EndGlobalSection
	GlobalSection(ExtensibilityGlobals) = postSolution
		SolutionGuid = {3D44A07C-CB8E-48D6-ABB0-83931A25E443}
	EndGlobalSection
EndGlobal
