
Microsoft Visual Studio Solution File, Format Version 12.00
# Visual Studio Version 16
VisualStudioVersion = 16.0.30907.101
MinimumVisualStudioVersion = 10.0.40219.1
Project("{FAE04EC0-301F-11D3-BF4B-00C04F79EFBC}") = "FinTrader.Pro.Web", "FinTrader.Pro.Web\FinTrader.Pro.Web.csproj", "{705F6719-F1AF-44EB-9C9E-B2E9AAF20DCB}"
EndProject
Project("{FAE04EC0-301F-11D3-BF4B-00C04F79EFBC}") = "FinTrader.Pro.DB", "FinTrader.Pro.DB\FinTrader.Pro.DB.csproj", "{07EA9D18-E2A0-426C-9B98-D92467FB340A}"
EndProject
Global
	GlobalSection(SolutionConfigurationPlatforms) = preSolution
		Debug|Any CPU = Debug|Any CPU
		Release|Any CPU = Release|Any CPU
	EndGlobalSection
	GlobalSection(ProjectConfigurationPlatforms) = postSolution
		{705F6719-F1AF-44EB-9C9E-B2E9AAF20DCB}.Debug|Any CPU.ActiveCfg = Debug|Any CPU
		{705F6719-F1AF-44EB-9C9E-B2E9AAF20DCB}.Debug|Any CPU.Build.0 = Debug|Any CPU
		{705F6719-F1AF-44EB-9C9E-B2E9AAF20DCB}.Release|Any CPU.ActiveCfg = Release|Any CPU
		{705F6719-F1AF-44EB-9C9E-B2E9AAF20DCB}.Release|Any CPU.Build.0 = Release|Any CPU
		{07EA9D18-E2A0-426C-9B98-D92467FB340A}.Debug|Any CPU.ActiveCfg = Debug|Any CPU
		{07EA9D18-E2A0-426C-9B98-D92467FB340A}.Debug|Any CPU.Build.0 = Debug|Any CPU
		{07EA9D18-E2A0-426C-9B98-D92467FB340A}.Release|Any CPU.ActiveCfg = Release|Any CPU
		{07EA9D18-E2A0-426C-9B98-D92467FB340A}.Release|Any CPU.Build.0 = Release|Any CPU
	EndGlobalSection
	GlobalSection(SolutionProperties) = preSolution
		HideSolutionNode = FALSE
	EndGlobalSection
	GlobalSection(ExtensibilityGlobals) = postSolution
		SolutionGuid = {3D44A07C-CB8E-48D6-ABB0-83931A25E443}
	EndGlobalSection
EndGlobal
